
Microsoft Visual Studio Solution File, Format Version 12.00
# Visual Studio Version 17
VisualStudioVersion = 17.6.33829.357
MinimumVisualStudioVersion = 10.0.40219.1
Project("{FAE04EC0-301F-11D3-BF4B-00C04F79EFBC}") = "Exercise0005", "Exercise0005\Exercise0005.csproj", "{8D10CA1E-87EE-4F93-AC27-46A07E12AAE0}"
EndProject
Global
	GlobalSection(SolutionConfigurationPlatforms) = preSolution
		Debug|Any CPU = Debug|Any CPU
		Release|Any CPU = Release|Any CPU
	EndGlobalSection
	GlobalSection(ProjectConfigurationPlatforms) = postSolution
		{8D10CA1E-87EE-4F93-AC27-46A07E12AAE0}.Debug|Any CPU.ActiveCfg = Debug|Any CPU
		{8D10CA1E-87EE-4F93-AC27-46A07E12AAE0}.Debug|Any CPU.Build.0 = Debug|Any CPU
		{8D10CA1E-87EE-4F93-AC27-46A07E12AAE0}.Release|Any CPU.ActiveCfg = Release|Any CPU
		{8D10CA1E-87EE-4F93-AC27-46A07E12AAE0}.Release|Any CPU.Build.0 = Release|Any CPU
	EndGlobalSection
	GlobalSection(SolutionProperties) = preSolution
		HideSolutionNode = FALSE
	EndGlobalSection
	GlobalSection(ExtensibilityGlobals) = postSolution
		SolutionGuid = {C592CD54-B7F6-48EC-A715-1CB74C63BD1A}
	EndGlobalSection
EndGlobal
